
Microsoft Visual Studio Solution File, Format Version 12.00
# Visual Studio Version 16
VisualStudioVersion = 16.0.31911.196
MinimumVisualStudioVersion = 10.0.40219.1
Project("{FAE04EC0-301F-11D3-BF4B-00C04F79EFBC}") = "DemandMenagement.Api", "DemandMenagement.Api\DemandMenagement.Api.csproj", "{10FAA72D-8687-4286-864A-45603B5DA958}"
EndProject
Project("{FAE04EC0-301F-11D3-BF4B-00C04F79EFBC}") = "DemandManagement.Registration", "DemandManagement.Registration\DemandManagement.Registration.csproj", "{B36CDACE-107B-428D-9A3C-FEC33379B45B}"
EndProject
Project("{FAE04EC0-301F-11D3-BF4B-00C04F79EFBC}") = "DemandManagement.Thirdparty.Service", "DemandManagement.Thirdparty.Service\DemandManagement.Thirdparty.Service.csproj", "{91123D35-B047-4EEA-8A23-28E7BD458BDA}"
EndProject
Project("{FAE04EC0-301F-11D3-BF4B-00C04F79EFBC}") = "DemandManagement.Notification", "DemandManagement.Notification\DemandManagement.Notification.csproj", "{2FE675B3-0749-4761-9B12-4F6DBCDDD671}"
EndProject
Project("{FAE04EC0-301F-11D3-BF4B-00C04F79EFBC}") = "DemandManagement.MessageContracts", "DemandManagement.MessageContracts\DemandManagement.MessageContracts.csproj", "{F567F524-2773-4073-8F5F-D9AA223BCB1F}"
EndProject
Global
	GlobalSection(SolutionConfigurationPlatforms) = preSolution
		Debug|Any CPU = Debug|Any CPU
		Release|Any CPU = Release|Any CPU
	EndGlobalSection
	GlobalSection(ProjectConfigurationPlatforms) = postSolution
		{10FAA72D-8687-4286-864A-45603B5DA958}.Debug|Any CPU.ActiveCfg = Debug|Any CPU
		{10FAA72D-8687-4286-864A-45603B5DA958}.Debug|Any CPU.Build.0 = Debug|Any CPU
		{10FAA72D-8687-4286-864A-45603B5DA958}.Release|Any CPU.ActiveCfg = Release|Any CPU
		{10FAA72D-8687-4286-864A-45603B5DA958}.Release|Any CPU.Build.0 = Release|Any CPU
		{B36CDACE-107B-428D-9A3C-FEC33379B45B}.Debug|Any CPU.ActiveCfg = Debug|Any CPU
		{B36CDACE-107B-428D-9A3C-FEC33379B45B}.Debug|Any CPU.Build.0 = Debug|Any CPU
		{B36CDACE-107B-428D-9A3C-FEC33379B45B}.Release|Any CPU.ActiveCfg = Release|Any CPU
		{B36CDACE-107B-428D-9A3C-FEC33379B45B}.Release|Any CPU.Build.0 = Release|Any CPU
		{91123D35-B047-4EEA-8A23-28E7BD458BDA}.Debug|Any CPU.ActiveCfg = Debug|Any CPU
		{91123D35-B047-4EEA-8A23-28E7BD458BDA}.Debug|Any CPU.Build.0 = Debug|Any CPU
		{91123D35-B047-4EEA-8A23-28E7BD458BDA}.Release|Any CPU.ActiveCfg = Release|Any CPU
		{91123D35-B047-4EEA-8A23-28E7BD458BDA}.Release|Any CPU.Build.0 = Release|Any CPU
		{2FE675B3-0749-4761-9B12-4F6DBCDDD671}.Debug|Any CPU.ActiveCfg = Debug|Any CPU
		{2FE675B3-0749-4761-9B12-4F6DBCDDD671}.Debug|Any CPU.Build.0 = Debug|Any CPU
		{2FE675B3-0749-4761-9B12-4F6DBCDDD671}.Release|Any CPU.ActiveCfg = Release|Any CPU
		{2FE675B3-0749-4761-9B12-4F6DBCDDD671}.Release|Any CPU.Build.0 = Release|Any CPU
		{F567F524-2773-4073-8F5F-D9AA223BCB1F}.Debug|Any CPU.ActiveCfg = Debug|Any CPU
		{F567F524-2773-4073-8F5F-D9AA223BCB1F}.Debug|Any CPU.Build.0 = Debug|Any CPU
		{F567F524-2773-4073-8F5F-D9AA223BCB1F}.Release|Any CPU.ActiveCfg = Release|Any CPU
		{F567F524-2773-4073-8F5F-D9AA223BCB1F}.Release|Any CPU.Build.0 = Release|Any CPU
	EndGlobalSection
	GlobalSection(SolutionProperties) = preSolution
		HideSolutionNode = FALSE
	EndGlobalSection
	GlobalSection(ExtensibilityGlobals) = postSolution
		SolutionGuid = {5BF13B3D-5DE2-482B-923F-C2327B2BD99A}
	EndGlobalSection
EndGlobal
