
Microsoft Visual Studio Solution File, Format Version 12.00
# Visual Studio Version 16
VisualStudioVersion = 16.0.31911.196
MinimumVisualStudioVersion = 10.0.40219.1
Project("{9A19103F-16F7-4668-BE54-9A1E7A4F7556}") = "DocumentConverter.Producer", "DocumentConverter.Producer\DocumentConverter.Producer.csproj", "{58AF5481-21CD-4122-B0BE-74A041C5CA0C}"
EndProject
Project("{9A19103F-16F7-4668-BE54-9A1E7A4F7556}") = "DocumentConverter.PdfConsumer", "DocumentConverter.PdfConsumer\DocumentConverter.PdfConsumer.csproj", "{CCD08B74-48D1-495D-B000-28B7684428F4}"
EndProject
Project("{FAE04EC0-301F-11D3-BF4B-00C04F79EFBC}") = "DocumentConverter.Common", "DocumentConverter.Common\DocumentConverter.Common.csproj", "{33E72577-EC9C-4A35-BF54-E4701CA3540C}"
EndProject
Global
	GlobalSection(SolutionConfigurationPlatforms) = preSolution
		Debug|Any CPU = Debug|Any CPU
		Release|Any CPU = Release|Any CPU
	EndGlobalSection
	GlobalSection(ProjectConfigurationPlatforms) = postSolution
		{58AF5481-21CD-4122-B0BE-74A041C5CA0C}.Debug|Any CPU.ActiveCfg = Debug|Any CPU
		{58AF5481-21CD-4122-B0BE-74A041C5CA0C}.Debug|Any CPU.Build.0 = Debug|Any CPU
		{58AF5481-21CD-4122-B0BE-74A041C5CA0C}.Release|Any CPU.ActiveCfg = Release|Any CPU
		{58AF5481-21CD-4122-B0BE-74A041C5CA0C}.Release|Any CPU.Build.0 = Release|Any CPU
		{CCD08B74-48D1-495D-B000-28B7684428F4}.Debug|Any CPU.ActiveCfg = Debug|Any CPU
		{CCD08B74-48D1-495D-B000-28B7684428F4}.Debug|Any CPU.Build.0 = Debug|Any CPU
		{CCD08B74-48D1-495D-B000-28B7684428F4}.Release|Any CPU.ActiveCfg = Release|Any CPU
		{CCD08B74-48D1-495D-B000-28B7684428F4}.Release|Any CPU.Build.0 = Release|Any CPU
		{33E72577-EC9C-4A35-BF54-E4701CA3540C}.Debug|Any CPU.ActiveCfg = Debug|Any CPU
		{33E72577-EC9C-4A35-BF54-E4701CA3540C}.Debug|Any CPU.Build.0 = Debug|Any CPU
		{33E72577-EC9C-4A35-BF54-E4701CA3540C}.Release|Any CPU.ActiveCfg = Release|Any CPU
		{33E72577-EC9C-4A35-BF54-E4701CA3540C}.Release|Any CPU.Build.0 = Release|Any CPU
	EndGlobalSection
	GlobalSection(SolutionProperties) = preSolution
		HideSolutionNode = FALSE
	EndGlobalSection
	GlobalSection(ExtensibilityGlobals) = postSolution
		SolutionGuid = {20ED7631-DA4C-4E95-9FCE-B6851CEB5608}
	EndGlobalSection
EndGlobal
